
Microsoft Visual Studio Solution File, Format Version 12.00
# Visual Studio Version 16
VisualStudioVersion = 16.0.30717.126
MinimumVisualStudioVersion = 10.0.40219.1
Project("{9A19103F-16F7-4668-BE54-9A1E7A4F7556}") = "NbaStats.Data", "NbaStats.Data\NbaStats.Data.csproj", "{97F9DC0A-DA56-4DDC-BB71-4906EA8B1D65}"
EndProject
Project("{9A19103F-16F7-4668-BE54-9A1E7A4F7556}") = "NbaStats.Data.Tests", "NbaStats.Data.Tests\NbaStats.Data.Tests.csproj", "{18A11D48-9E0C-41A2-B1E0-D4ECDD1BD5B6}"
EndProject
Global
	GlobalSection(SolutionConfigurationPlatforms) = preSolution
		Debug|Any CPU = Debug|Any CPU
		Release|Any CPU = Release|Any CPU
	EndGlobalSection
	GlobalSection(ProjectConfigurationPlatforms) = postSolution
		{97F9DC0A-DA56-4DDC-BB71-4906EA8B1D65}.Debug|Any CPU.ActiveCfg = Debug|Any CPU
		{97F9DC0A-DA56-4DDC-BB71-4906EA8B1D65}.Debug|Any CPU.Build.0 = Debug|Any CPU
		{97F9DC0A-DA56-4DDC-BB71-4906EA8B1D65}.Release|Any CPU.ActiveCfg = Release|Any CPU
		{97F9DC0A-DA56-4DDC-BB71-4906EA8B1D65}.Release|Any CPU.Build.0 = Release|Any CPU
		{18A11D48-9E0C-41A2-B1E0-D4ECDD1BD5B6}.Debug|Any CPU.ActiveCfg = Debug|Any CPU
		{18A11D48-9E0C-41A2-B1E0-D4ECDD1BD5B6}.Debug|Any CPU.Build.0 = Debug|Any CPU
		{18A11D48-9E0C-41A2-B1E0-D4ECDD1BD5B6}.Release|Any CPU.ActiveCfg = Release|Any CPU
		{18A11D48-9E0C-41A2-B1E0-D4ECDD1BD5B6}.Release|Any CPU.Build.0 = Release|Any CPU
	EndGlobalSection
	GlobalSection(SolutionProperties) = preSolution
		HideSolutionNode = FALSE
	EndGlobalSection
	GlobalSection(ExtensibilityGlobals) = postSolution
		SolutionGuid = {AE05D355-FF4F-4ACB-8B3C-7FBE7A778B69}
	EndGlobalSection
EndGlobal
